
Microsoft Visual Studio Solution File, Format Version 12.00
# Visual Studio 15
VisualStudioVersion = 15.0.28010.2003
MinimumVisualStudioVersion = 10.0.40219.1
Project("{8BC9CEB8-8B4A-11D0-8D11-00A0C91BC942}") = "SkyNet", "SkyNet\SkyNet.vcxproj", "{E4B35B62-7800-4DF2-9029-5B80DF4357ED}"
EndProject
Global
	GlobalSection(SolutionConfigurationPlatforms) = preSolution
		Debug|x64 = Debug|x64
		Debug|x86 = Debug|x86
		Release|x64 = Release|x64
		Release|x86 = Release|x86
	EndGlobalSection
	GlobalSection(ProjectConfigurationPlatforms) = postSolution
		{E4B35B62-7800-4DF2-9029-5B80DF4357ED}.Debug|x64.ActiveCfg = Debug|x64
		{E4B35B62-7800-4DF2-9029-5B80DF4357ED}.Debug|x64.Build.0 = Debug|x64
		{E4B35B62-7800-4DF2-9029-5B80DF4357ED}.Debug|x86.ActiveCfg = Debug|Win32
		{E4B35B62-7800-4DF2-9029-5B80DF4357ED}.Debug|x86.Build.0 = Debug|Win32
		{E4B35B62-7800-4DF2-9029-5B80DF4357ED}.Release|x64.ActiveCfg = Release|x64
		{E4B35B62-7800-4DF2-9029-5B80DF4357ED}.Release|x64.Build.0 = Release|x64
		{E4B35B62-7800-4DF2-9029-5B80DF4357ED}.Release|x86.ActiveCfg = Release|Win32
		{E4B35B62-7800-4DF2-9029-5B80DF4357ED}.Release|x86.Build.0 = Release|Win32
	EndGlobalSection
	GlobalSection(SolutionProperties) = preSolution
		HideSolutionNode = FALSE
	EndGlobalSection
	GlobalSection(ExtensibilityGlobals) = postSolution
		SolutionGuid = {E6EBF84A-F198-4DD0-AA09-D4728F78B8A8}
	EndGlobalSection
EndGlobal
